
Microsoft Visual Studio Solution File, Format Version 12.00
# Visual Studio 15
VisualStudioVersion = 15.0.28010.2026
MinimumVisualStudioVersion = 10.0.40219.1
Project("{FAE04EC0-301F-11D3-BF4B-00C04F79EFBC}") = "TodoList", "TodoList\TodoList.csproj", "{BC6926ED-8A1A-462F-BBCD-FBC0E8C69A55}"
EndProject
Global
	GlobalSection(SolutionConfigurationPlatforms) = preSolution
		Debug|Any CPU = Debug|Any CPU
		Release|Any CPU = Release|Any CPU
	EndGlobalSection
	GlobalSection(ProjectConfigurationPlatforms) = postSolution
		{BC6926ED-8A1A-462F-BBCD-FBC0E8C69A55}.Debug|Any CPU.ActiveCfg = Debug|Any CPU
		{BC6926ED-8A1A-462F-BBCD-FBC0E8C69A55}.Debug|Any CPU.Build.0 = Debug|Any CPU
		{BC6926ED-8A1A-462F-BBCD-FBC0E8C69A55}.Release|Any CPU.ActiveCfg = Release|Any CPU
		{BC6926ED-8A1A-462F-BBCD-FBC0E8C69A55}.Release|Any CPU.Build.0 = Release|Any CPU
	EndGlobalSection
	GlobalSection(SolutionProperties) = preSolution
		HideSolutionNode = FALSE
	EndGlobalSection
	GlobalSection(ExtensibilityGlobals) = postSolution
		SolutionGuid = {A3B88719-45A5-4E0F-BD1C-BF050A18E8D4}
	EndGlobalSection
EndGlobal
